
Microsoft Visual Studio Solution File, Format Version 12.00
# Visual Studio Version 17
VisualStudioVersion = 17.1.32328.378
MinimumVisualStudioVersion = 10.0.40219.1
Project("{8BC9CEB8-8B4A-11D0-8D11-00A0C91BC942}") = "IntelliSenseError10002956", "IntelliSenseError10002956.vcxproj", "{846B0639-26D0-4FA3-BB1F-CB776A65AF43}"
EndProject
Global
	GlobalSection(SolutionConfigurationPlatforms) = preSolution
		Debug|x64 = Debug|x64
		Debug|x86 = Debug|x86
		Release|x64 = Release|x64
		Release|x86 = Release|x86
	EndGlobalSection
	GlobalSection(ProjectConfigurationPlatforms) = postSolution
		{846B0639-26D0-4FA3-BB1F-CB776A65AF43}.Debug|x64.ActiveCfg = Debug|x64
		{846B0639-26D0-4FA3-BB1F-CB776A65AF43}.Debug|x64.Build.0 = Debug|x64
		{846B0639-26D0-4FA3-BB1F-CB776A65AF43}.Debug|x86.ActiveCfg = Debug|Win32
		{846B0639-26D0-4FA3-BB1F-CB776A65AF43}.Debug|x86.Build.0 = Debug|Win32
		{846B0639-26D0-4FA3-BB1F-CB776A65AF43}.Release|x64.ActiveCfg = Release|x64
		{846B0639-26D0-4FA3-BB1F-CB776A65AF43}.Release|x64.Build.0 = Release|x64
		{846B0639-26D0-4FA3-BB1F-CB776A65AF43}.Release|x86.ActiveCfg = Release|Win32
		{846B0639-26D0-4FA3-BB1F-CB776A65AF43}.Release|x86.Build.0 = Release|Win32
	EndGlobalSection
	GlobalSection(SolutionProperties) = preSolution
		HideSolutionNode = FALSE
	EndGlobalSection
	GlobalSection(ExtensibilityGlobals) = postSolution
		SolutionGuid = {192FD6D0-1667-445A-8C97-2C32937FE935}
	EndGlobalSection
EndGlobal
